// !$*UTF8*$!
{
	archiveVersion = 1;
	classes = {
	};
	objectVersion = 46;
	objects = {

/* Begin PBXBuildFile section */
		762BF8D51BDCA705007850D0 /* Calculator in Resources */ = {isa = PBXBuildFile; fileRef = 762BF8D41BDCA705007850D0 /* Calculator */; settings = {ASSET_TAGS = (); }; };
		76623CB61BC0C7C8006C9428 /* AppDelegate.swift in Sources */ = {isa = PBXBuildFile; fileRef = 76623CB51BC0C7C8006C9428 /* AppDelegate.swift */; };
		76623CB81BC0C7C8006C9428 /* ViewController.swift in Sources */ = {isa = PBXBuildFile; fileRef = 76623CB71BC0C7C8006C9428 /* ViewController.swift */; };
		76623CBB1BC0C7C8006C9428 /* Main.storyboard in Resources */ = {isa = PBXBuildFile; fileRef = 76623CB91BC0C7C8006C9428 /* Main.storyboard */; };
		76623CBD1BC0C7C8006C9428 /* Assets.xcassets in Resources */ = {isa = PBXBuildFile; fileRef = 76623CBC1BC0C7C8006C9428 /* Assets.xcassets */; };
		76623CC01BC0C7C8006C9428 /* LaunchScreen.storyboard in Resources */ = {isa = PBXBuildFile; fileRef = 76623CBE1BC0C7C8006C9428 /* LaunchScreen.storyboard */; };
/* End PBXBuildFile section */

/* Begin PBXFileReference section */
		762BF8D41BDCA705007850D0 /* Calculator */ = {isa = PBXFileReference; lastKnownFileType = folder; name = Calculator; sourceTree = SOURCE_ROOT; };
		76623CB21BC0C7C8006C9428 /* Calculator.app */ = {isa = PBXFileReference; explicitFileType = wrapper.application; includeInIndex = 0; path = Calculator.app; sourceTree = BUILT_PRODUCTS_DIR; };
		76623CB51BC0C7C8006C9428 /* AppDelegate.swift */ = {isa = PBXFileReference; lastKnownFileType = sourcecode.swift; path = AppDelegate.swift; sourceTree = "<group>"; };
		76623CB71BC0C7C8006C9428 /* ViewController.swift */ = {isa = PBXFileReference; lastKnownFileType = sourcecode.swift; path = ViewController.swift; sourceTree = "<group>"; };
		76623CBA1BC0C7C8006C9428 /* Base */ = {isa = PBXFileReference; lastKnownFileType = file.storyboard; name = Base; path = Base.lproj/Main.storyboard; sourceTree = "<group>"; };
		76623CBC1BC0C7C8006C9428 /* Assets.xcassets */ = {isa = PBXFileReference; lastKnownFileType = folder.assetcatalog; path = Assets.xcassets; sourceTree = "<group>"; };
		76623CBF1BC0C7C8006C9428 /* Base */ = {isa = PBXFileReference; lastKnownFileType = file.storyboard; name = Base; path = Base.lproj/LaunchScreen.storyboard; sourceTree = "<group>"; };
		76623CC11BC0C7C8006C9428 /* Info.plist */ = {isa = PBXFileReference; lastKnownFileType = text.plist.xml; path = Info.plist; sourceTree = "<group>"; };
/* End PBXFileReference section */

/* Begin PBXFrameworksBuildPhase section */
		76623CAF1BC0C7C8006C9428 /* Frameworks */ = {
			isa = PBXFrameworksBuildPhase;
			buildActionMask = 2147483647;
			files = (
			);
			runOnlyForDeploymentPostprocessing = 0;
		};
/* End PBXFrameworksBuildPhase section */

/* Begin PBXGroup section */
		76623CA91BC0C7C8006C9428 = {
			isa = PBXGroup;
			children = (
				76623CB41BC0C7C8006C9428 /* Calculator */,
				76623CB31BC0C7C8006C9428 /* Products */,
			);
			sourceTree = "<group>";
		};
		76623CB31BC0C7C8006C9428 /* Products */ = {
			isa = PBXGroup;
			children = (
				76623CB21BC0C7C8006C9428 /* Calculator.app */,
			);
			name = Products;
			sourceTree = "<group>";
		};
		76623CB41BC0C7C8006C9428 /* Calculator */ = {
			isa = PBXGroup;
			children = (
				76623CB71BC0C7C8006C9428 /* ViewController.swift */,
				762BF8D41BDCA705007850D0 /* Calculator */,
				76623CB91BC0C7C8006C9428 /* Main.storyboard */,
				76623CB51BC0C7C8006C9428 /* AppDelegate.swift */,
				76623CBC1BC0C7C8006C9428 /* Assets.xcassets */,
				76623CBE1BC0C7C8006C9428 /* LaunchScreen.storyboard */,
				76623CC11BC0C7C8006C9428 /* Info.plist */,
			);
			path = Calculator;
			sourceTree = "<group>";
		};
/* End PBXGroup section */

/* Begin PBXNativeTarget section */
		76623CB11BC0C7C8006C9428 /* Calculator */ = {
			isa = PBXNativeTarget;
			buildConfigurationList = 76623CC41BC0C7C8006C9428 /* Build configuration list for PBXNativeTarget "Calculator" */;
			buildPhases = (
				76623CAE1BC0C7C8006C9428 /* Sources */,
				76623CAF1BC0C7C8006C9428 /* Frameworks */,
				76623CB01BC0C7C8006C9428 /* Resources */,
			);
			buildRules = (
			);
			dependencies = (
			);
			name = Calculator;
			productName = Calculator;
			productReference = 76623CB21BC0C7C8006C9428 /* Calculator.app */;
			productType = "com.apple.product-type.application";
		};
/* End PBXNativeTarget section */

/* Begin PBXProject section */
		76623CAA1BC0C7C8006C9428 /* Project object */ = {
			isa = PBXProject;
			attributes = {
				LastUpgradeCheck = 0700;
				ORGANIZATIONNAME = "Becky Chan";
				TargetAttributes = {
					76623CB11BC0C7C8006C9428 = {
						CreatedOnToolsVersion = 7.0;
					};
				};
			};
			buildConfigurationList = 76623CAD1BC0C7C8006C9428 /* Build configuration list for PBXProject "Calculator" */;
			compatibilityVersion = "Xcode 3.2";
			developmentRegion = English;
			hasScannedForEncodings = 0;
			knownRegions = (
				en,
				Base,
			);
			mainGroup = 76623CA91BC0C7C8006C9428;
			productRefGroup = 76623CB31BC0C7C8006C9428 /* Products */;
			projectDirPath = "";
			projectRoot = "";
			targets = (
				76623CB11BC0C7C8006C9428 /* Calculator */,
			);
		};
/* End PBXProject section */

/* Begin PBXResourcesBuildPhase section */
		76623CB01BC0C7C8006C9428 /* Resources */ = {
			isa = PBXResourcesBuildPhase;
			buildActionMask = 2147483647;
			files = (
				762BF8D51BDCA705007850D0 /* Calculator in Resources */,
				76623CC01BC0C7C8006C9428 /* LaunchScreen.storyboard in Resources */,
				76623CBD1BC0C7C8006C9428 /* Assets.xcassets in Resources */,
				76623CBB1BC0C7C8006C9428 /* Main.storyboard in Resources */,
			);
			runOnlyForDeploymentPostprocessing = 0;
		};
/* End PBXResourcesBuildPhase section */

/* Begin PBXSourcesBuildPhase section */
		76623CAE1BC0C7C8006C9428 /* Sources */ = {
			isa = PBXSourcesBuildPhase;
			buildActionMask = 2147483647;
			files = (
				76623CB81BC0C7C8006C9428 /* ViewController.swift in Sources */,
				76623CB61BC0C7C8006C9428 /* AppDelegate.swift in Sources */,
			);
			runOnlyForDeploymentPostprocessing = 0;
		};
/* End PBXSourcesBuildPhase section */

/* Begin PBXVariantGroup section */
		76623CB91BC0C7C8006C9428 /* Main.storyboard */ = {
			isa = PBXVariantGroup;
			children = (
				76623CBA1BC0C7C8006C9428 /* Base */,
			);
			name = Main.storyboard;
			sourceTree = "<group>";
		};
		76623CBE1BC0C7C8006C9428 /* LaunchScreen.storyboard */ = {
			isa = PBXVariantGroup;
			children = (
				76623CBF1BC0C7C8006C9428 /* Base */,
			);
			name = LaunchScreen.storyboard;
			sourceTree = "<group>";
		};
/* End PBXVariantGroup section */

/* Begin XCBuildConfiguration section */
		76623CC21BC0C7C8006C9428 /* Debug */ = {
			isa = XCBuildConfiguration;
			buildSettings = {
				ALWAYS_SEARCH_USER_PATHS = NO;
				CLANG_CXX_LANGUAGE_STANDARD = "gnu++0x";
				CLANG_CXX_LIBRARY = "libc++";
				CLANG_ENABLE_MODULES = YES;
				CLANG_ENABLE_OBJC_ARC = YES;
				CLANG_WARN_BOOL_CONVERSION = YES;
				CLANG_WARN_CONSTANT_CONVERSION = YES;
				CLANG_WARN_DIRECT_OBJC_ISA_USAGE = YES_ERROR;
				CLANG_WARN_EMPTY_BODY = YES;
				CLANG_WARN_ENUM_CONVERSION = YES;
				CLANG_WARN_INT_CONVERSION = YES;
				CLANG_WARN_OBJC_ROOT_CLASS = YES_ERROR;
				CLANG_WARN_UNREACHABLE_CODE = YES;
				CLANG_WARN__DUPLICATE_METHOD_MATCH = YES;
				"CODE_SIGN_IDENTITY[sdk=iphoneos*]" = "iPhone Developer";
				COPY_PHASE_STRIP = NO;
				DEBUG_INFORMATION_FORMAT = dwarf;
				ENABLE_STRICT_OBJC_MSGSEND = YES;
				ENABLE_TESTABILITY = YES;
				GCC_C_LANGUAGE_STANDARD = gnu99;
				GCC_DYNAMIC_NO_PIC = NO;
				GCC_NO_COMMON_BLOCKS = YES;
				GCC_OPTIMIZATION_LEVEL = 0;
				GCC_PREPROCESSOR_DEFINITIONS = (
					"DEBUG=1",
					"$(inherited)",
				);
				GCC_WARN_64_TO_32_BIT_CONVERSION = YES;
				GCC_WARN_ABOUT_RETURN_TYPE = YES_ERROR;
				GCC_WARN_UNDECLARED_SELECTOR = YES;
				GCC_WARN_UNINITIALIZED_AUTOS = YES_AGGRESSIVE;
				GCC_WARN_UNUSED_FUNCTION = YES;
				GCC_WARN_UNUSED_VARIABLE = YES;
				IPHONEOS_DEPLOYMENT_TARGET = 9.0;
				MTL_ENABLE_DEBUG_INFO = YES;
				ONLY_ACTIVE_ARCH = YES;
				SDKROOT = iphoneos;
				SWIFT_OPTIMIZATION_LEVEL = "-Onone";
				TARGETED_DEVICE_FAMILY = "1,2";
			};
			name = Debug;
		};
		76623CC31BC0C7C8006C9428 /* Release */ = {
			isa = XCBuildConfiguration;
			buildSettings = {
				ALWAYS_SEARCH_USER_PATHS = NO;
				CLANG_CXX_LANGUAGE_STANDARD = "gnu++0x";
				CLANG_CXX_LIBRARY = "libc++";
				CLANG_ENABLE_MODULES = YES;
				CLANG_ENABLE_OBJC_ARC = YES;
				CLANG_WARN_BOOL_CONVERSION = YES;
				CLANG_WARN_CONSTANT_CONVERSION = YES;
				CLANG_WARN_DIRECT_OBJC_ISA_USAGE = YES_ERROR;
				CLANG_WARN_EMPTY_BODY = YES;
				CLANG_WARN_ENUM_CONVERSION = YES;
				CLANG_WARN_INT_CONVERSION = YES;
				CLANG_WARN_OBJC_ROOT_CLASS = YES_ERROR;
				CLANG_WARN_UNREACHABLE_CODE = YES;
				CLANG_WARN__DUPLICATE_METHOD_MATCH = YES;
				"CODE_SIGN_IDENTITY[sdk=iphoneos*]" = "iPhone Developer";
				COPY_PHASE_STRIP = NO;
				DEBUG_INFORMATION_FORMAT = "dwarf-with-dsym";
				ENABLE_NS_ASSERTIONS = NO;
				ENABLE_STRICT_OBJC_MSGSEND = YES;
				GCC_C_LANGUAGE_STANDARD = gnu99;
				GCC_NO_COMMON_BLOCKS = YES;
				GCC_WARN_64_TO_32_BIT_CONVERSION = YES;
				GCC_WARN_ABOUT_RETURN_TYPE = YES_ERROR;
				GCC_WARN_UNDECLARED_SELECTOR = YES;
				GCC_WARN_UNINITIALIZED_AUTOS = YES_AGGRESSIVE;
				GCC_WARN_UNUSED_FUNCTION = YES;
				GCC_WARN_UNUSED_VARIABLE = YES;
				IPHONEOS_DEPLOYMENT_TARGET = 9.0;
				MTL_ENABLE_DEBUG_INFO = NO;
				SDKROOT = iphoneos;
				TARGETED_DEVICE_FAMILY = "1,2";
				VALIDATE_PRODUCT = YES;
			};
			name = Release;
		};
		76623CC51BC0C7C8006C9428 /* Debug */ = {
			isa = XCBuildConfiguration;
			buildSettings = {
				ASSETCATALOG_COMPILER_APPICON_NAME = AppIcon;
				INFOPLIST_FILE = Calculator/Info.plist;
				LD_RUNPATH_SEARCH_PATHS = "$(inherited) @executable_path/Frameworks";
				PRODUCT_BUNDLE_IDENTIFIER = edu.berkeley.calculator.Calculator;
				PRODUCT_NAME = "$(TARGET_NAME)";
			};
			name = Debug;
		};
		76623CC61BC0C7C8006C9428 /* Release */ = {
			isa = XCBuildConfiguration;
			buildSettings = {
				ASSETCATALOG_COMPILER_APPICON_NAME = AppIcon;
				INFOPLIST_FILE = Calculator/Info.plist;
				LD_RUNPATH_SEARCH_PATHS = "$(inherited) @executable_path/Frameworks";
				PRODUCT_BUNDLE_IDENTIFIER = edu.berkeley.calculator.Calculator;
				PRODUCT_NAME = "$(TARGET_NAME)";
			};
			name = Release;
		};
/* End XCBuildConfiguration section */

/* Begin XCConfigurationList section */
		76623CAD1BC0C7C8006C9428 /* Build configuration list for PBXProject "Calculator" */ = {
			isa = XCConfigurationList;
			buildConfigurations = (
				76623CC21BC0C7C8006C9428 /* Debug */,
				76623CC31BC0C7C8006C9428 /* Release */,
			);
			defaultConfigurationIsVisible = 0;
			defaultConfigurationName = Release;
		};
		76623CC41BC0C7C8006C9428 /* Build configuration list for PBXNativeTarget "Calculator" */ = {
			isa = XCConfigurationList;
			buildConfigurations = (
				76623CC51BC0C7C8006C9428 /* Debug */,
				76623CC61BC0C7C8006C9428 /* Release */,
			);
			defaultConfigurationIsVisible = 0;
			defaultConfigurationName = Release;
		};
/* End XCConfigurationList section */
	};
	rootObject = 76623CAA1BC0C7C8006C9428 /* Project object */;
}
